
Microsoft Visual Studio Solution File, Format Version 12.00
# Visual Studio Version 17
VisualStudioVersion = 17.14.36401.2 d17.14
MinimumVisualStudioVersion = 10.0.40219.1
Project("{FAE04EC0-301F-11D3-BF4B-00C04F79EFBC}") = "Ejercicio_7", "Ejercicio_7\Ejercicio_7.csproj", "{6A54FCC2-959C-44C6-BE48-7A7B88B58D0F}"
EndProject
Global
	GlobalSection(SolutionConfigurationPlatforms) = preSolution
		Debug|Any CPU = Debug|Any CPU
		Release|Any CPU = Release|Any CPU
	EndGlobalSection
	GlobalSection(ProjectConfigurationPlatforms) = postSolution
		{6A54FCC2-959C-44C6-BE48-7A7B88B58D0F}.Debug|Any CPU.ActiveCfg = Debug|Any CPU
		{6A54FCC2-959C-44C6-BE48-7A7B88B58D0F}.Debug|Any CPU.Build.0 = Debug|Any CPU
		{6A54FCC2-959C-44C6-BE48-7A7B88B58D0F}.Release|Any CPU.ActiveCfg = Release|Any CPU
		{6A54FCC2-959C-44C6-BE48-7A7B88B58D0F}.Release|Any CPU.Build.0 = Release|Any CPU
	EndGlobalSection
	GlobalSection(SolutionProperties) = preSolution
		HideSolutionNode = FALSE
	EndGlobalSection
	GlobalSection(ExtensibilityGlobals) = postSolution
		SolutionGuid = {98FDAC7A-98C2-4BC0-8994-B60F873316E7}
	EndGlobalSection
EndGlobal
