
Microsoft Visual Studio Solution File, Format Version 12.00
# Visual Studio Version 17
VisualStudioVersion = 17.14.36401.2 d17.14
MinimumVisualStudioVersion = 10.0.40219.1
Project("{FAE04EC0-301F-11D3-BF4B-00C04F79EFBC}") = "ClasePráctica", "ClasePráctica\ClasePráctica.csproj", "{D652D5D3-D131-4ED9-A24E-D98E121294C3}"
EndProject
Global
	GlobalSection(SolutionConfigurationPlatforms) = preSolution
		Debug|Any CPU = Debug|Any CPU
		Release|Any CPU = Release|Any CPU
	EndGlobalSection
	GlobalSection(ProjectConfigurationPlatforms) = postSolution
		{D652D5D3-D131-4ED9-A24E-D98E121294C3}.Debug|Any CPU.ActiveCfg = Debug|Any CPU
		{D652D5D3-D131-4ED9-A24E-D98E121294C3}.Debug|Any CPU.Build.0 = Debug|Any CPU
		{D652D5D3-D131-4ED9-A24E-D98E121294C3}.Release|Any CPU.ActiveCfg = Release|Any CPU
		{D652D5D3-D131-4ED9-A24E-D98E121294C3}.Release|Any CPU.Build.0 = Release|Any CPU
	EndGlobalSection
	GlobalSection(SolutionProperties) = preSolution
		HideSolutionNode = FALSE
	EndGlobalSection
	GlobalSection(ExtensibilityGlobals) = postSolution
		SolutionGuid = {55F267C0-CF93-4A2E-B9D3-8B5D497C7779}
	EndGlobalSection
EndGlobal
