
Microsoft Visual Studio Solution File, Format Version 12.00
# Visual Studio Version 17
VisualStudioVersion = 17.14.36401.2 d17.14
MinimumVisualStudioVersion = 10.0.40219.1
Project("{FAE04EC0-301F-11D3-BF4B-00C04F79EFBC}") = "Ejercicio_4", "Ejercicio_4\Ejercicio_4.csproj", "{554E95DD-DD6B-4599-B931-3C58C45A8F84}"
EndProject
Global
	GlobalSection(SolutionConfigurationPlatforms) = preSolution
		Debug|Any CPU = Debug|Any CPU
		Release|Any CPU = Release|Any CPU
	EndGlobalSection
	GlobalSection(ProjectConfigurationPlatforms) = postSolution
		{554E95DD-DD6B-4599-B931-3C58C45A8F84}.Debug|Any CPU.ActiveCfg = Debug|Any CPU
		{554E95DD-DD6B-4599-B931-3C58C45A8F84}.Debug|Any CPU.Build.0 = Debug|Any CPU
		{554E95DD-DD6B-4599-B931-3C58C45A8F84}.Release|Any CPU.ActiveCfg = Release|Any CPU
		{554E95DD-DD6B-4599-B931-3C58C45A8F84}.Release|Any CPU.Build.0 = Release|Any CPU
	EndGlobalSection
	GlobalSection(SolutionProperties) = preSolution
		HideSolutionNode = FALSE
	EndGlobalSection
	GlobalSection(ExtensibilityGlobals) = postSolution
		SolutionGuid = {441EC10D-014D-4889-B869-B747B35ADA32}
	EndGlobalSection
EndGlobal
